
Microsoft Visual Studio Solution File, Format Version 12.00
# Visual Studio 15
VisualStudioVersion = 15.0.28010.2003
MinimumVisualStudioVersion = 10.0.40219.1
Project("{E24C65DC-7377-472B-9ABA-BC803B73C61A}") = "Autocomplete", "Autocomplete\", "{8F32F54A-F587-460C-BDE1-E520BA0FF029}"
	ProjectSection(WebsiteProperties) = preProject
		TargetFrameworkMoniker = ".NETFramework,Version%3Dv4.5.2"
		Debug.AspNetCompiler.VirtualPath = "/localhost_7051"
		Debug.AspNetCompiler.PhysicalPath = "Autocomplete\"
		Debug.AspNetCompiler.TargetPath = "PrecompiledWeb\localhost_7051\"
		Debug.AspNetCompiler.Updateable = "true"
		Debug.AspNetCompiler.ForceOverwrite = "true"
		Debug.AspNetCompiler.FixedNames = "false"
		Debug.AspNetCompiler.Debug = "True"
		Release.AspNetCompiler.VirtualPath = "/localhost_7051"
		Release.AspNetCompiler.PhysicalPath = "Autocomplete\"
		Release.AspNetCompiler.TargetPath = "PrecompiledWeb\localhost_7051\"
		Release.AspNetCompiler.Updateable = "true"
		Release.AspNetCompiler.ForceOverwrite = "true"
		Release.AspNetCompiler.FixedNames = "false"
		Release.AspNetCompiler.Debug = "False"
		VWDPort = "7051"
		SlnRelativePath = "Autocomplete\"
		DefaultWebSiteLanguage = "Visual C#"
	EndProjectSection
EndProject
Global
	GlobalSection(SolutionConfigurationPlatforms) = preSolution
		Debug|Any CPU = Debug|Any CPU
	EndGlobalSection
	GlobalSection(ProjectConfigurationPlatforms) = postSolution
		{8F32F54A-F587-460C-BDE1-E520BA0FF029}.Debug|Any CPU.ActiveCfg = Debug|Any CPU
		{8F32F54A-F587-460C-BDE1-E520BA0FF029}.Debug|Any CPU.Build.0 = Debug|Any CPU
	EndGlobalSection
	GlobalSection(SolutionProperties) = preSolution
		HideSolutionNode = FALSE
	EndGlobalSection
	GlobalSection(ExtensibilityGlobals) = postSolution
		SolutionGuid = {7944AFE3-11C7-48F0-88E3-52A428DBA0FA}
	EndGlobalSection
EndGlobal
